
Microsoft Visual Studio Solution File, Format Version 12.00
# Visual Studio Version 17
VisualStudioVersion = 17.14.36203.30 d17.14
MinimumVisualStudioVersion = 10.0.40219.1
Project("{FAE04EC0-301F-11D3-BF4B-00C04F79EFBC}") = "Employment_Management", "WebApplication1\Employment_Management.csproj", "{BE3E38F4-D77C-4EF8-BE55-2B738436D8CC}"
EndProject
Global
	GlobalSection(SolutionConfigurationPlatforms) = preSolution
		Debug|Any CPU = Debug|Any CPU
		Release|Any CPU = Release|Any CPU
	EndGlobalSection
	GlobalSection(ProjectConfigurationPlatforms) = postSolution
		{BE3E38F4-D77C-4EF8-BE55-2B738436D8CC}.Debug|Any CPU.ActiveCfg = Debug|Any CPU
		{BE3E38F4-D77C-4EF8-BE55-2B738436D8CC}.Debug|Any CPU.Build.0 = Debug|Any CPU
		{BE3E38F4-D77C-4EF8-BE55-2B738436D8CC}.Release|Any CPU.ActiveCfg = Release|Any CPU
		{BE3E38F4-D77C-4EF8-BE55-2B738436D8CC}.Release|Any CPU.Build.0 = Release|Any CPU
	EndGlobalSection
	GlobalSection(SolutionProperties) = preSolution
		HideSolutionNode = FALSE
	EndGlobalSection
	GlobalSection(ExtensibilityGlobals) = postSolution
		SolutionGuid = {D91CBD95-1B3D-4773-B58F-686E464576A1}
	EndGlobalSection
EndGlobal
